
Microsoft Visual Studio Solution File, Format Version 12.00
# Visual Studio Version 17
VisualStudioVersion = 17.11.35327.3
MinimumVisualStudioVersion = 10.0.40219.1
Project("{FAE04EC0-301F-11D3-BF4B-00C04F79EFBC}") = "Flash-ker.Android", "Flash-ker.Android\Flash-ker.Android.csproj", "{393C7838-57B2-4670-A8DB-490AEE546D7F}"
EndProject
Project("{FAE04EC0-301F-11D3-BF4B-00C04F79EFBC}") = "Flash-ker.iOS", "Flash-ker.iOS\Flash-ker.iOS.csproj", "{810235F4-6291-4834-92DD-A539631211F6}"
EndProject
Project("{FAE04EC0-301F-11D3-BF4B-00C04F79EFBC}") = "Flash-ker", "Flash-ker\Flash-ker.csproj", "{0936775C-AB0A-4310-9B79-CB9028F9DC93}"
EndProject
Global
	GlobalSection(SolutionConfigurationPlatforms) = preSolution
		Debug|Any CPU = Debug|Any CPU
		Debug|iPhone = Debug|iPhone
		Debug|iPhoneSimulator = Debug|iPhoneSimulator
		Release|Any CPU = Release|Any CPU
		Release|iPhone = Release|iPhone
		Release|iPhoneSimulator = Release|iPhoneSimulator
	EndGlobalSection
	GlobalSection(ProjectConfigurationPlatforms) = postSolution
		{393C7838-57B2-4670-A8DB-490AEE546D7F}.Debug|Any CPU.ActiveCfg = Debug|Any CPU
		{393C7838-57B2-4670-A8DB-490AEE546D7F}.Debug|Any CPU.Build.0 = Debug|Any CPU
		{393C7838-57B2-4670-A8DB-490AEE546D7F}.Debug|Any CPU.Deploy.0 = Debug|Any CPU
		{393C7838-57B2-4670-A8DB-490AEE546D7F}.Debug|iPhone.ActiveCfg = Debug|Any CPU
		{393C7838-57B2-4670-A8DB-490AEE546D7F}.Debug|iPhone.Build.0 = Debug|Any CPU
		{393C7838-57B2-4670-A8DB-490AEE546D7F}.Debug|iPhone.Deploy.0 = Debug|Any CPU
		{393C7838-57B2-4670-A8DB-490AEE546D7F}.Debug|iPhoneSimulator.ActiveCfg = Debug|Any CPU
		{393C7838-57B2-4670-A8DB-490AEE546D7F}.Debug|iPhoneSimulator.Build.0 = Debug|Any CPU
		{393C7838-57B2-4670-A8DB-490AEE546D7F}.Debug|iPhoneSimulator.Deploy.0 = Debug|Any CPU
		{393C7838-57B2-4670-A8DB-490AEE546D7F}.Release|Any CPU.ActiveCfg = Release|Any CPU
		{393C7838-57B2-4670-A8DB-490AEE546D7F}.Release|Any CPU.Build.0 = Release|Any CPU
		{393C7838-57B2-4670-A8DB-490AEE546D7F}.Release|Any CPU.Deploy.0 = Release|Any CPU
		{393C7838-57B2-4670-A8DB-490AEE546D7F}.Release|iPhone.ActiveCfg = Release|Any CPU
		{393C7838-57B2-4670-A8DB-490AEE546D7F}.Release|iPhone.Build.0 = Release|Any CPU
		{393C7838-57B2-4670-A8DB-490AEE546D7F}.Release|iPhone.Deploy.0 = Release|Any CPU
		{393C7838-57B2-4670-A8DB-490AEE546D7F}.Release|iPhoneSimulator.ActiveCfg = Release|Any CPU
		{393C7838-57B2-4670-A8DB-490AEE546D7F}.Release|iPhoneSimulator.Build.0 = Release|Any CPU
		{393C7838-57B2-4670-A8DB-490AEE546D7F}.Release|iPhoneSimulator.Deploy.0 = Release|Any CPU
		{810235F4-6291-4834-92DD-A539631211F6}.Debug|Any CPU.ActiveCfg = Debug|iPhone
		{810235F4-6291-4834-92DD-A539631211F6}.Debug|Any CPU.Build.0 = Debug|iPhone
		{810235F4-6291-4834-92DD-A539631211F6}.Debug|Any CPU.Deploy.0 = Debug|iPhone
		{810235F4-6291-4834-92DD-A539631211F6}.Debug|iPhone.ActiveCfg = Debug|iPhone
		{810235F4-6291-4834-92DD-A539631211F6}.Debug|iPhone.Build.0 = Debug|iPhone
		{810235F4-6291-4834-92DD-A539631211F6}.Debug|iPhone.Deploy.0 = Debug|iPhone
		{810235F4-6291-4834-92DD-A539631211F6}.Debug|iPhoneSimulator.ActiveCfg = Debug|iPhoneSimulator
		{810235F4-6291-4834-92DD-A539631211F6}.Debug|iPhoneSimulator.Build.0 = Debug|iPhoneSimulator
		{810235F4-6291-4834-92DD-A539631211F6}.Debug|iPhoneSimulator.Deploy.0 = Debug|iPhoneSimulator
		{810235F4-6291-4834-92DD-A539631211F6}.Release|Any CPU.ActiveCfg = Release|iPhoneSimulator
		{810235F4-6291-4834-92DD-A539631211F6}.Release|Any CPU.Build.0 = Release|iPhoneSimulator
		{810235F4-6291-4834-92DD-A539631211F6}.Release|Any CPU.Deploy.0 = Release|iPhoneSimulator
		{810235F4-6291-4834-92DD-A539631211F6}.Release|iPhone.ActiveCfg = Release|iPhone
		{810235F4-6291-4834-92DD-A539631211F6}.Release|iPhone.Build.0 = Release|iPhone
		{810235F4-6291-4834-92DD-A539631211F6}.Release|iPhone.Deploy.0 = Release|iPhone
		{810235F4-6291-4834-92DD-A539631211F6}.Release|iPhoneSimulator.ActiveCfg = Release|iPhoneSimulator
		{810235F4-6291-4834-92DD-A539631211F6}.Release|iPhoneSimulator.Build.0 = Release|iPhoneSimulator
		{810235F4-6291-4834-92DD-A539631211F6}.Release|iPhoneSimulator.Deploy.0 = Release|iPhoneSimulator
		{0936775C-AB0A-4310-9B79-CB9028F9DC93}.Debug|Any CPU.ActiveCfg = Debug|Any CPU
		{0936775C-AB0A-4310-9B79-CB9028F9DC93}.Debug|Any CPU.Build.0 = Debug|Any CPU
		{0936775C-AB0A-4310-9B79-CB9028F9DC93}.Debug|Any CPU.Deploy.0 = Debug|Any CPU
		{0936775C-AB0A-4310-9B79-CB9028F9DC93}.Debug|iPhone.ActiveCfg = Debug|Any CPU
		{0936775C-AB0A-4310-9B79-CB9028F9DC93}.Debug|iPhone.Build.0 = Debug|Any CPU
		{0936775C-AB0A-4310-9B79-CB9028F9DC93}.Debug|iPhone.Deploy.0 = Debug|Any CPU
		{0936775C-AB0A-4310-9B79-CB9028F9DC93}.Debug|iPhoneSimulator.ActiveCfg = Debug|Any CPU
		{0936775C-AB0A-4310-9B79-CB9028F9DC93}.Debug|iPhoneSimulator.Build.0 = Debug|Any CPU
		{0936775C-AB0A-4310-9B79-CB9028F9DC93}.Debug|iPhoneSimulator.Deploy.0 = Debug|Any CPU
		{0936775C-AB0A-4310-9B79-CB9028F9DC93}.Release|Any CPU.ActiveCfg = Release|Any CPU
		{0936775C-AB0A-4310-9B79-CB9028F9DC93}.Release|Any CPU.Build.0 = Release|Any CPU
		{0936775C-AB0A-4310-9B79-CB9028F9DC93}.Release|Any CPU.Deploy.0 = Release|Any CPU
		{0936775C-AB0A-4310-9B79-CB9028F9DC93}.Release|iPhone.ActiveCfg = Release|Any CPU
		{0936775C-AB0A-4310-9B79-CB9028F9DC93}.Release|iPhone.Build.0 = Release|Any CPU
		{0936775C-AB0A-4310-9B79-CB9028F9DC93}.Release|iPhone.Deploy.0 = Release|Any CPU
		{0936775C-AB0A-4310-9B79-CB9028F9DC93}.Release|iPhoneSimulator.ActiveCfg = Release|Any CPU
		{0936775C-AB0A-4310-9B79-CB9028F9DC93}.Release|iPhoneSimulator.Build.0 = Release|Any CPU
		{0936775C-AB0A-4310-9B79-CB9028F9DC93}.Release|iPhoneSimulator.Deploy.0 = Release|Any CPU
	EndGlobalSection
	GlobalSection(SolutionProperties) = preSolution
		HideSolutionNode = FALSE
	EndGlobalSection
	GlobalSection(ExtensibilityGlobals) = postSolution
		SolutionGuid = {8668EEBB-5B74-41FE-9333-988BA8669EFA}
	EndGlobalSection
EndGlobal
